// !$*UTF8*$!
{
	archiveVersion = 1;
	classes = {
	};
	objectVersion = 77;
	objects = {

/* Begin PBXBuildFile section */
		3907B03FED8A5C7D6A6FF648 /* LiveStreamManager.swift in Sources */ = {isa = PBXBuildFile; fileRef = 13C99CBFEFDDFFA90B82DED3 /* LiveStreamManager.swift */; };
		3DA541DD18818A6145395AA7 /* SupabaseAuthManager.swift in Sources */ = {isa = PBXBuildFile; fileRef = B60790572F9770E89CC27BE8 /* SupabaseAuthManager.swift */; };
		3E2D16A907DB6737CA00962F /* UWBNodeBLEClient.swift in Sources */ = {isa = PBXBuildFile; fileRef = 0200D1C01FE4CBA1FA0CAFE6 /* UWBNodeBLEClient.swift */; };
		4B43D0630C6B517DAACAE0FC /* LocationManager.swift in Sources */ = {isa = PBXBuildFile; fileRef = 293895574056705FDD2668B2 /* LocationManager.swift */; };
		60D082FAF48E1131FD3F719F /* StartLineView.swift in Sources */ = {isa = PBXBuildFile; fileRef = B1292276C971C2BDE9EB29A5 /* StartLineView.swift */; };
		6D5D110978FE9F38A9C82AA8 /* TrackerConnectionManager.swift in Sources */ = {isa = PBXBuildFile; fileRef = 675EFD6BEA7C20B8740E3BFE /* TrackerConnectionManager.swift */; };
		9B17D50FD89112C1CEFED2A5 /* LoginView.swift in Sources */ = {isa = PBXBuildFile; fileRef = BDA80F5F348CF70FC7E3B9C4 /* LoginView.swift */; };
		A3440F52258C81AF8F70DA81 /* JoinView.swift in Sources */ = {isa = PBXBuildFile; fileRef = A3160AEBD964621BEC14C1A1 /* JoinView.swift */; };
		A9BA7DA70F4EE65D028E039B /* App.swift in Sources */ = {isa = PBXBuildFile; fileRef = A0E54C0291D6333D8F2B1CE5 /* App.swift */; };
		AB0FB59FAB02DE43749444C8 /* OfflineBuffer.swift in Sources */ = {isa = PBXBuildFile; fileRef = B8A940F260343A1DD83DE26B /* OfflineBuffer.swift */; };
		B890B8BA1BC7AC6241DA5BF2 /* CountdownView.swift in Sources */ = {isa = PBXBuildFile; fileRef = 37C3263F4B669B8B72DBC799 /* CountdownView.swift */; };
		D1537F373399F958F8BF93A3 /* LiveKit in Frameworks */ = {isa = PBXBuildFile; productRef = 59612CE35C60068A9FF5A40A /* LiveKit */; };
		E7D9DD40B8F8A79335A53F13 /* Supabase in Frameworks */ = {isa = PBXBuildFile; productRef = 20F4AD67AE975BC07336548B /* Supabase */; };
		EC9AA56B331A306E9D6F545C /* HapticManager.swift in Sources */ = {isa = PBXBuildFile; fileRef = 851B9CBF93F27BCE414FE0F5 /* HapticManager.swift */; };
		EE5F63FC4F2356AAD23441F3 /* RaceStateModel.swift in Sources */ = {isa = PBXBuildFile; fileRef = D8D6814919F9BE1BFF81EE09 /* RaceStateModel.swift */; };
		FDFA2F70BF451E139B148E95 /* GRDB in Frameworks */ = {isa = PBXBuildFile; productRef = A3A797C3F38038C4E6DCDD4C /* GRDB */; };
/* End PBXBuildFile section */

/* Begin PBXFileReference section */
		0200D1C01FE4CBA1FA0CAFE6 /* UWBNodeBLEClient.swift */ = {isa = PBXFileReference; includeInIndex = 1; lastKnownFileType = sourcecode.swift; path = UWBNodeBLEClient.swift; sourceTree = "<group>"; };
		13C99CBFEFDDFFA90B82DED3 /* LiveStreamManager.swift */ = {isa = PBXFileReference; includeInIndex = 1; lastKnownFileType = sourcecode.swift; path = LiveStreamManager.swift; sourceTree = "<group>"; };
		293895574056705FDD2668B2 /* LocationManager.swift */ = {isa = PBXFileReference; includeInIndex = 1; lastKnownFileType = sourcecode.swift; path = LocationManager.swift; sourceTree = "<group>"; };
		37C3263F4B669B8B72DBC799 /* CountdownView.swift */ = {isa = PBXFileReference; includeInIndex = 1; lastKnownFileType = sourcecode.swift; path = CountdownView.swift; sourceTree = "<group>"; };
		4E9D0449303145F2205B198F /* RegattaTracker.app */ = {isa = PBXFileReference; includeInIndex = 0; lastKnownFileType = wrapper.application; path = RegattaTracker.app; sourceTree = BUILT_PRODUCTS_DIR; };
		675EFD6BEA7C20B8740E3BFE /* TrackerConnectionManager.swift */ = {isa = PBXFileReference; includeInIndex = 1; lastKnownFileType = sourcecode.swift; path = TrackerConnectionManager.swift; sourceTree = "<group>"; };
		851B9CBF93F27BCE414FE0F5 /* HapticManager.swift */ = {isa = PBXFileReference; includeInIndex = 1; lastKnownFileType = sourcecode.swift; path = HapticManager.swift; sourceTree = "<group>"; };
		A0E54C0291D6333D8F2B1CE5 /* App.swift */ = {isa = PBXFileReference; includeInIndex = 1; lastKnownFileType = sourcecode.swift; path = App.swift; sourceTree = "<group>"; };
		A3160AEBD964621BEC14C1A1 /* JoinView.swift */ = {isa = PBXFileReference; includeInIndex = 1; lastKnownFileType = sourcecode.swift; path = JoinView.swift; sourceTree = "<group>"; };
		B1292276C971C2BDE9EB29A5 /* StartLineView.swift */ = {isa = PBXFileReference; includeInIndex = 1; lastKnownFileType = sourcecode.swift; path = StartLineView.swift; sourceTree = "<group>"; };
		B60790572F9770E89CC27BE8 /* SupabaseAuthManager.swift */ = {isa = PBXFileReference; includeInIndex = 1; lastKnownFileType = sourcecode.swift; path = SupabaseAuthManager.swift; sourceTree = "<group>"; };
		B8A940F260343A1DD83DE26B /* OfflineBuffer.swift */ = {isa = PBXFileReference; includeInIndex = 1; lastKnownFileType = sourcecode.swift; path = OfflineBuffer.swift; sourceTree = "<group>"; };
		BDA80F5F348CF70FC7E3B9C4 /* LoginView.swift */ = {isa = PBXFileReference; includeInIndex = 1; lastKnownFileType = sourcecode.swift; path = LoginView.swift; sourceTree = "<group>"; };
		D8D6814919F9BE1BFF81EE09 /* RaceStateModel.swift */ = {isa = PBXFileReference; includeInIndex = 1; lastKnownFileType = sourcecode.swift; path = RaceStateModel.swift; sourceTree = "<group>"; };
		F0DCDBA57044E2970612F6C5 /* Info.plist */ = {isa = PBXFileReference; lastKnownFileType = text.plist; path = Info.plist; sourceTree = "<group>"; };
/* End PBXFileReference section */

/* Begin PBXFrameworksBuildPhase section */
		08770F6FAD3124840F8A422E /* Frameworks */ = {
			isa = PBXFrameworksBuildPhase;
			buildActionMask = 2147483647;
			files = (
				E7D9DD40B8F8A79335A53F13 /* Supabase in Frameworks */,
				FDFA2F70BF451E139B148E95 /* GRDB in Frameworks */,
				D1537F373399F958F8BF93A3 /* LiveKit in Frameworks */,
			);
			runOnlyForDeploymentPostprocessing = 0;
		};
/* End PBXFrameworksBuildPhase section */

/* Begin PBXGroup section */
		0E9EEAD34F9EF50FEFCA4ABD /* Products */ = {
			isa = PBXGroup;
			children = (
				4E9D0449303145F2205B198F /* RegattaTracker.app */,
			);
			name = Products;
			sourceTree = "<group>";
		};
		391A2686A44C723527D34EB3 /* Location */ = {
			isa = PBXGroup;
			children = (
				293895574056705FDD2668B2 /* LocationManager.swift */,
			);
			path = Location;
			sourceTree = "<group>";
		};
		3AC24189E7944203D02CA6AF /* BLE */ = {
			isa = PBXGroup;
			children = (
				0200D1C01FE4CBA1FA0CAFE6 /* UWBNodeBLEClient.swift */,
			);
			path = BLE;
			sourceTree = "<group>";
		};
		3CF5B8C019C5A0BED84650F7 /* Haptics */ = {
			isa = PBXGroup;
			children = (
				851B9CBF93F27BCE414FE0F5 /* HapticManager.swift */,
			);
			path = Haptics;
			sourceTree = "<group>";
		};
		43972A1EF63E5CD670B61F1C /* Auth */ = {
			isa = PBXGroup;
			children = (
				B60790572F9770E89CC27BE8 /* SupabaseAuthManager.swift */,
			);
			path = Auth;
			sourceTree = "<group>";
		};
		5A90C381EAA0B87C0A268095 /* Views */ = {
			isa = PBXGroup;
			children = (
				B1292276C971C2BDE9EB29A5 /* StartLineView.swift */,
				A3160AEBD964621BEC14C1A1 /* JoinView.swift */,
				BDA80F5F348CF70FC7E3B9C4 /* LoginView.swift */,
				37C3263F4B669B8B72DBC799 /* CountdownView.swift */,
			);
			path = Views;
			sourceTree = "<group>";
		};
		71C0E0655F8D29C584E8C39F /* Connection */ = {
			isa = PBXGroup;
			children = (
				675EFD6BEA7C20B8740E3BFE /* TrackerConnectionManager.swift */,
			);
			path = Connection;
			sourceTree = "<group>";
		};
		82B9AA10F041BD73A45265E9 /* Media */ = {
			isa = PBXGroup;
			children = (
				13C99CBFEFDDFFA90B82DED3 /* LiveStreamManager.swift */,
			);
			name = Media;
			sourceTree = "<group>";
		};
		8EB872F9118B84B2F59421DA /* Models */ = {
			isa = PBXGroup;
			children = (
				D8D6814919F9BE1BFF81EE09 /* RaceStateModel.swift */,
			);
			path = Models;
			sourceTree = "<group>";
		};
		A82D315E5DD54BEA451C8328 /* Storage */ = {
			isa = PBXGroup;
			children = (
				B8A940F260343A1DD83DE26B /* OfflineBuffer.swift */,
			);
			path = Storage;
			sourceTree = "<group>";
		};
		C713E28343C42B9E23674EC4 /* RegattaTracker */ = {
			isa = PBXGroup;
			children = (
				F0DCDBA57044E2970612F6C5 /* Info.plist */,
				43972A1EF63E5CD670B61F1C /* Auth */,
				3AC24189E7944203D02CA6AF /* BLE */,
				71C0E0655F8D29C584E8C39F /* Connection */,
				3CF5B8C019C5A0BED84650F7 /* Haptics */,
				391A2686A44C723527D34EB3 /* Location */,
				8EB872F9118B84B2F59421DA /* Models */,
				A82D315E5DD54BEA451C8328 /* Storage */,
				5A90C381EAA0B87C0A268095 /* Views */,
				82B9AA10F041BD73A45265E9 /* Media */,
				A0E54C0291D6333D8F2B1CE5 /* App.swift */,
			);
			path = RegattaTracker;
			sourceTree = "<group>";
		};
		D06F959E20F83262C9DE4C51 = {
			isa = PBXGroup;
			children = (
				C713E28343C42B9E23674EC4 /* RegattaTracker */,
				0E9EEAD34F9EF50FEFCA4ABD /* Products */,
			);
			sourceTree = "<group>";
		};
/* End PBXGroup section */

/* Begin PBXNativeTarget section */
		10B994E451C69276B58C2E87 /* RegattaTracker */ = {
			isa = PBXNativeTarget;
			buildConfigurationList = 61406B68D8868419F4933738 /* Build configuration list for PBXNativeTarget "RegattaTracker" */;
			buildPhases = (
				9B3B450E2722DAD1B3219A30 /* Sources */,
				08770F6FAD3124840F8A422E /* Frameworks */,
			);
			buildRules = (
			);
			dependencies = (
			);
			name = RegattaTracker;
			packageProductDependencies = (
				20F4AD67AE975BC07336548B /* Supabase */,
				A3A797C3F38038C4E6DCDD4C /* GRDB */,
				59612CE35C60068A9FF5A40A /* LiveKit */,
			);
			productName = RegattaTracker;
			productReference = 4E9D0449303145F2205B198F /* RegattaTracker.app */;
			productType = "com.apple.product-type.application";
		};
/* End PBXNativeTarget section */

/* Begin PBXProject section */
		17E4B3473707EF7616249330 /* Project object */ = {
			isa = PBXProject;
			attributes = {
				BuildIndependentTargetsInParallel = YES;
				LastUpgradeCheck = 1430;
				TargetAttributes = {
					10B994E451C69276B58C2E87 = {
						DevelopmentTeam = "";
					};
				};
			};
			buildConfigurationList = EAECFE97B72C601EEC88332C /* Build configuration list for PBXProject "RegattaTracker" */;
			compatibilityVersion = "Xcode 14.0";
			developmentRegion = en;
			hasScannedForEncodings = 0;
			knownRegions = (
				Base,
				en,
			);
			mainGroup = D06F959E20F83262C9DE4C51;
			minimizedProjectReferenceProxies = 1;
			packageReferences = (
				F4995148CC881755F7262C13 /* XCRemoteSwiftPackageReference "GRDB.swift" */,
				BF270EB8E85C1D286C25BC3A /* XCRemoteSwiftPackageReference "client-sdk-swift" */,
				D71E5BD8C9A8ED8D29EF769A /* XCRemoteSwiftPackageReference "supabase-swift" */,
			);
			preferredProjectObjectVersion = 77;
			productRefGroup = 0E9EEAD34F9EF50FEFCA4ABD /* Products */;
			projectDirPath = "";
			projectRoot = "";
			targets = (
				10B994E451C69276B58C2E87 /* RegattaTracker */,
			);
		};
/* End PBXProject section */

/* Begin PBXSourcesBuildPhase section */
		9B3B450E2722DAD1B3219A30 /* Sources */ = {
			isa = PBXSourcesBuildPhase;
			buildActionMask = 2147483647;
			files = (
				EC9AA56B331A306E9D6F545C /* HapticManager.swift in Sources */,
				3E2D16A907DB6737CA00962F /* UWBNodeBLEClient.swift in Sources */,
				6D5D110978FE9F38A9C82AA8 /* TrackerConnectionManager.swift in Sources */,
				3DA541DD18818A6145395AA7 /* SupabaseAuthManager.swift in Sources */,
				4B43D0630C6B517DAACAE0FC /* LocationManager.swift in Sources */,
				EE5F63FC4F2356AAD23441F3 /* RaceStateModel.swift in Sources */,
				AB0FB59FAB02DE43749444C8 /* OfflineBuffer.swift in Sources */,
				A9BA7DA70F4EE65D028E039B /* App.swift in Sources */,
				60D082FAF48E1131FD3F719F /* StartLineView.swift in Sources */,
				A3440F52258C81AF8F70DA81 /* JoinView.swift in Sources */,
				9B17D50FD89112C1CEFED2A5 /* LoginView.swift in Sources */,
				B890B8BA1BC7AC6241DA5BF2 /* CountdownView.swift in Sources */,
				3907B03FED8A5C7D6A6FF648 /* LiveStreamManager.swift in Sources */,
			);
			runOnlyForDeploymentPostprocessing = 0;
		};
/* End PBXSourcesBuildPhase section */

/* Begin XCBuildConfiguration section */
		043334920DA04D54BBAF47A1 /* Debug */ = {
			isa = XCBuildConfiguration;
			buildSettings = {
				ALWAYS_SEARCH_USER_PATHS = NO;
				CLANG_ANALYZER_NONNULL = YES;
				CLANG_ANALYZER_NUMBER_OBJECT_CONVERSION = YES_AGGRESSIVE;
				CLANG_CXX_LANGUAGE_STANDARD = "gnu++14";
				CLANG_CXX_LIBRARY = "libc++";
				CLANG_ENABLE_MODULES = YES;
				CLANG_ENABLE_OBJC_ARC = YES;
				CLANG_ENABLE_OBJC_WEAK = YES;
				CLANG_WARN_BLOCK_CAPTURE_AUTORELEASING = YES;
				CLANG_WARN_BOOL_CONVERSION = YES;
				CLANG_WARN_COMMA = YES;
				CLANG_WARN_CONSTANT_CONVERSION = YES;
				CLANG_WARN_DEPRECATED_OBJC_IMPLEMENTATIONS = YES;
				CLANG_WARN_DIRECT_OBJC_ISA_USAGE = YES_ERROR;
				CLANG_WARN_DOCUMENTATION_COMMENTS = YES;
				CLANG_WARN_EMPTY_BODY = YES;
				CLANG_WARN_ENUM_CONVERSION = YES;
				CLANG_WARN_INFINITE_RECURSION = YES;
				CLANG_WARN_INT_CONVERSION = YES;
				CLANG_WARN_NON_LITERAL_NULL_CONVERSION = YES;
				CLANG_WARN_OBJC_IMPLICIT_RETAIN_SELF = YES;
				CLANG_WARN_OBJC_LITERAL_CONVERSION = YES;
				CLANG_WARN_OBJC_ROOT_CLASS = YES_ERROR;
				CLANG_WARN_QUOTED_INCLUDE_IN_FRAMEWORK_HEADER = YES;
				CLANG_WARN_RANGE_LOOP_ANALYSIS = YES;
				CLANG_WARN_STRICT_PROTOTYPES = YES;
				CLANG_WARN_SUSPICIOUS_MOVE = YES;
				CLANG_WARN_UNGUARDED_AVAILABILITY = YES_AGGRESSIVE;
				CLANG_WARN_UNREACHABLE_CODE = YES;
				CLANG_WARN__DUPLICATE_METHOD_MATCH = YES;
				COPY_PHASE_STRIP = NO;
				DEBUG_INFORMATION_FORMAT = dwarf;
				ENABLE_STRICT_OBJC_MSGSEND = YES;
				ENABLE_TESTABILITY = YES;
				GCC_C_LANGUAGE_STANDARD = gnu11;
				GCC_DYNAMIC_NO_PIC = NO;
				GCC_NO_COMMON_BLOCKS = YES;
				GCC_OPTIMIZATION_LEVEL = 0;
				GCC_PREPROCESSOR_DEFINITIONS = (
					"$(inherited)",
					"DEBUG=1",
				);
				GCC_WARN_64_TO_32_BIT_CONVERSION = YES;
				GCC_WARN_ABOUT_RETURN_TYPE = YES_ERROR;
				GCC_WARN_UNDECLARED_SELECTOR = YES;
				GCC_WARN_UNINITIALIZED_AUTOS = YES_AGGRESSIVE;
				GCC_WARN_UNUSED_FUNCTION = YES;
				GCC_WARN_UNUSED_VARIABLE = YES;
				MTL_ENABLE_DEBUG_INFO = INCLUDE_SOURCE;
				MTL_FAST_MATH = YES;
				ONLY_ACTIVE_ARCH = YES;
				PRODUCT_NAME = "$(TARGET_NAME)";
				SDKROOT = iphoneos;
				SWIFT_ACTIVE_COMPILATION_CONDITIONS = DEBUG;
				SWIFT_OPTIMIZATION_LEVEL = "-Onone";
				SWIFT_VERSION = 5.0;
			};
			name = Debug;
		};
		1122A00A939D0223C7973525 /* Release */ = {
			isa = XCBuildConfiguration;
			buildSettings = {
				ASSETCATALOG_COMPILER_APPICON_NAME = AppIcon;
				CODE_SIGN_ENTITLEMENTS = RegattaTracker/RegattaTracker.entitlements;
				CODE_SIGN_IDENTITY = "-";
				DEVELOPMENT_TEAM = "";
				INFOPLIST_FILE = RegattaTracker/Info.plist;
				IPHONEOS_DEPLOYMENT_TARGET = 17.0;
				LD_RUNPATH_SEARCH_PATHS = (
					"$(inherited)",
					"@executable_path/Frameworks",
				);
				PRODUCT_BUNDLE_IDENTIFIER = com.regatta.RegattaTracker;
				SDKROOT = iphoneos;
				TARGETED_DEVICE_FAMILY = "1,2";
			};
			name = Release;
		};
		E2319A0889E473060754F58D /* Release */ = {
			isa = XCBuildConfiguration;
			buildSettings = {
				ALWAYS_SEARCH_USER_PATHS = NO;
				CLANG_ANALYZER_NONNULL = YES;
				CLANG_ANALYZER_NUMBER_OBJECT_CONVERSION = YES_AGGRESSIVE;
				CLANG_CXX_LANGUAGE_STANDARD = "gnu++14";
				CLANG_CXX_LIBRARY = "libc++";
				CLANG_ENABLE_MODULES = YES;
				CLANG_ENABLE_OBJC_ARC = YES;
				CLANG_ENABLE_OBJC_WEAK = YES;
				CLANG_WARN_BLOCK_CAPTURE_AUTORELEASING = YES;
				CLANG_WARN_BOOL_CONVERSION = YES;
				CLANG_WARN_COMMA = YES;
				CLANG_WARN_CONSTANT_CONVERSION = YES;
				CLANG_WARN_DEPRECATED_OBJC_IMPLEMENTATIONS = YES;
				CLANG_WARN_DIRECT_OBJC_ISA_USAGE = YES_ERROR;
				CLANG_WARN_DOCUMENTATION_COMMENTS = YES;
				CLANG_WARN_EMPTY_BODY = YES;
				CLANG_WARN_ENUM_CONVERSION = YES;
				CLANG_WARN_INFINITE_RECURSION = YES;
				CLANG_WARN_INT_CONVERSION = YES;
				CLANG_WARN_NON_LITERAL_NULL_CONVERSION = YES;
				CLANG_WARN_OBJC_IMPLICIT_RETAIN_SELF = YES;
				CLANG_WARN_OBJC_LITERAL_CONVERSION = YES;
				CLANG_WARN_OBJC_ROOT_CLASS = YES_ERROR;
				CLANG_WARN_QUOTED_INCLUDE_IN_FRAMEWORK_HEADER = YES;
				CLANG_WARN_RANGE_LOOP_ANALYSIS = YES;
				CLANG_WARN_STRICT_PROTOTYPES = YES;
				CLANG_WARN_SUSPICIOUS_MOVE = YES;
				CLANG_WARN_UNGUARDED_AVAILABILITY = YES_AGGRESSIVE;
				CLANG_WARN_UNREACHABLE_CODE = YES;
				CLANG_WARN__DUPLICATE_METHOD_MATCH = YES;
				COPY_PHASE_STRIP = NO;
				DEBUG_INFORMATION_FORMAT = "dwarf-with-dsym";
				ENABLE_NS_ASSERTIONS = NO;
				ENABLE_STRICT_OBJC_MSGSEND = YES;
				GCC_C_LANGUAGE_STANDARD = gnu11;
				GCC_NO_COMMON_BLOCKS = YES;
				GCC_WARN_64_TO_32_BIT_CONVERSION = YES;
				GCC_WARN_ABOUT_RETURN_TYPE = YES_ERROR;
				GCC_WARN_UNDECLARED_SELECTOR = YES;
				GCC_WARN_UNINITIALIZED_AUTOS = YES_AGGRESSIVE;
				GCC_WARN_UNUSED_FUNCTION = YES;
				GCC_WARN_UNUSED_VARIABLE = YES;
				MTL_ENABLE_DEBUG_INFO = NO;
				MTL_FAST_MATH = YES;
				PRODUCT_NAME = "$(TARGET_NAME)";
				SDKROOT = iphoneos;
				SWIFT_COMPILATION_MODE = wholemodule;
				SWIFT_OPTIMIZATION_LEVEL = "-O";
				SWIFT_VERSION = 5.0;
			};
			name = Release;
		};
		EE304E9400179FF5CA5E08E5 /* Debug */ = {
			isa = XCBuildConfiguration;
			buildSettings = {
				ASSETCATALOG_COMPILER_APPICON_NAME = AppIcon;
				CODE_SIGN_ENTITLEMENTS = RegattaTracker/RegattaTracker.entitlements;
				CODE_SIGN_IDENTITY = "-";
				DEVELOPMENT_TEAM = "";
				INFOPLIST_FILE = RegattaTracker/Info.plist;
				IPHONEOS_DEPLOYMENT_TARGET = 17.0;
				LD_RUNPATH_SEARCH_PATHS = (
					"$(inherited)",
					"@executable_path/Frameworks",
				);
				PRODUCT_BUNDLE_IDENTIFIER = com.regatta.RegattaTracker;
				SDKROOT = iphoneos;
				TARGETED_DEVICE_FAMILY = "1,2";
			};
			name = Debug;
		};
/* End XCBuildConfiguration section */

/* Begin XCConfigurationList section */
		61406B68D8868419F4933738 /* Build configuration list for PBXNativeTarget "RegattaTracker" */ = {
			isa = XCConfigurationList;
			buildConfigurations = (
				EE304E9400179FF5CA5E08E5 /* Debug */,
				1122A00A939D0223C7973525 /* Release */,
			);
			defaultConfigurationIsVisible = 0;
			defaultConfigurationName = Debug;
		};
		EAECFE97B72C601EEC88332C /* Build configuration list for PBXProject "RegattaTracker" */ = {
			isa = XCConfigurationList;
			buildConfigurations = (
				043334920DA04D54BBAF47A1 /* Debug */,
				E2319A0889E473060754F58D /* Release */,
			);
			defaultConfigurationIsVisible = 0;
			defaultConfigurationName = Debug;
		};
/* End XCConfigurationList section */

/* Begin XCRemoteSwiftPackageReference section */
		BF270EB8E85C1D286C25BC3A /* XCRemoteSwiftPackageReference "client-sdk-swift" */ = {
			isa = XCRemoteSwiftPackageReference;
			repositoryURL = "https://github.com/livekit/client-sdk-swift.git";
			requirement = {
				kind = upToNextMajorVersion;
				minimumVersion = 2.0.0;
			};
		};
		D71E5BD8C9A8ED8D29EF769A /* XCRemoteSwiftPackageReference "supabase-swift" */ = {
			isa = XCRemoteSwiftPackageReference;
			repositoryURL = "https://github.com/supabase/supabase-swift";
			requirement = {
				kind = upToNextMajorVersion;
				minimumVersion = 2.4.0;
			};
		};
		F4995148CC881755F7262C13 /* XCRemoteSwiftPackageReference "GRDB.swift" */ = {
			isa = XCRemoteSwiftPackageReference;
			repositoryURL = "https://github.com/groue/GRDB.swift";
			requirement = {
				kind = upToNextMajorVersion;
				minimumVersion = 6.20.0;
			};
		};
/* End XCRemoteSwiftPackageReference section */

/* Begin XCSwiftPackageProductDependency section */
		20F4AD67AE975BC07336548B /* Supabase */ = {
			isa = XCSwiftPackageProductDependency;
			package = D71E5BD8C9A8ED8D29EF769A /* XCRemoteSwiftPackageReference "supabase-swift" */;
			productName = Supabase;
		};
		59612CE35C60068A9FF5A40A /* LiveKit */ = {
			isa = XCSwiftPackageProductDependency;
			package = BF270EB8E85C1D286C25BC3A /* XCRemoteSwiftPackageReference "client-sdk-swift" */;
			productName = LiveKit;
		};
		A3A797C3F38038C4E6DCDD4C /* GRDB */ = {
			isa = XCSwiftPackageProductDependency;
			package = F4995148CC881755F7262C13 /* XCRemoteSwiftPackageReference "GRDB.swift" */;
			productName = GRDB;
		};
/* End XCSwiftPackageProductDependency section */
	};
	rootObject = 17E4B3473707EF7616249330 /* Project object */;
}
